{
  "lockfileVersion": 1,
  "configVersion": 1,
  "workspaces": {
    "": {
      "name": "ai-sidebar",
      "dependencies": {
        "clsx": "^2.1.1",
        "framer-motion": "^12.34.3",
        "fuzzysort": "^3.1.0",
        "lucide": "^0.575.0",
        "lucide-react": "^0.575.0",
        "marked": "^17.0.2",
        "react": "^19.0.0",
        "react-dom": "^19.0.0",
        "tailwind-merge": "^3.5.0",
        "tailwindcss": "^4.2.0",
        "turndown": "^7.2.2",
        "tw-animate-css": "^1.4.0",
        "zustand": "^5.0.0",
      },
      "devDependencies": {
        "@tailwindcss/typography": "^0.5.19",
        "@types/bun": "latest",
        "@types/chrome": "^0.1.37",
        "@types/react": "^19.0.0",
        "@types/react-dom": "^19.0.0",
        "@types/turndown": "^5.0.6",
        "bun-plugin-tailwind": "^0.1.2",
        "typescript": "^5.7.0",
      },
    },
  },
  "packages": {
    "@mixmark-io/domino": ["@mixmark-io/domino@2.2.0", "", {}, "sha512-Y28PR25bHXUg88kCV7nivXrP2Nj2RueZ3/l/jdx6J9f8J4nsEGcgX0Qe6lt7Pa+J79+kPiJU3LguR6O/6zrLOw=="],

    "@oven/bun-darwin-aarch64": ["@oven/bun-darwin-aarch64@1.3.9", "", { "os": "darwin", "cpu": "arm64" }, "sha512-df7smckMWSUfaT5mzwN9Lfpd3ZGkOqo+vmQ8VV2a32gl14v6uZ/qeeo+1RlANXn8M0uzXPWWCkrKZIWSZUR0qw=="],

    "@oven/bun-darwin-x64": ["@oven/bun-darwin-x64@1.3.9", "", { "os": "darwin", "cpu": "x64" }, "sha512-YiLxfsPzQqaVvT2a+nxH9do0YfUjrlxF3tKP0b1DDgvfgCcVKGsrQH3Wa82qHgL4dnT8h2bqi94JxXESEuPmcA=="],

    "@oven/bun-darwin-x64-baseline": ["@oven/bun-darwin-x64-baseline@1.3.9", "", { "os": "darwin", "cpu": "x64" }, "sha512-XbhsA2XAFzvFr0vPSV6SNqGxab4xHKdPmVTLqoSHAx9tffrSq/012BDptOskulwnD+YNsrJUx2D2Ve1xvfgGcg=="],

    "@oven/bun-linux-aarch64": ["@oven/bun-linux-aarch64@1.3.9", "", { "os": "linux", "cpu": "arm64" }, "sha512-VaNQTu0Up4gnwZLQ6/Hmho6jAlLxTQ1PwxEth8EsXHf82FOXXPV5OCQ6KC9mmmocjKlmWFaIGebThrOy8DUo4g=="],

    "@oven/bun-linux-aarch64-musl": ["@oven/bun-linux-aarch64-musl@1.3.9", "", { "os": "linux", "cpu": "arm64" }, "sha512-t8uimCVBTw5f9K2QTZE5wN6UOrFETNrh/Xr7qtXT9nAOzaOnIFvYA+HcHbGfi31fRlCVfTxqm/EiCwJ1gEw9YQ=="],

    "@oven/bun-linux-x64": ["@oven/bun-linux-x64@1.3.9", "", { "os": "linux", "cpu": "x64" }, "sha512-oQyAW3+ugulvXTZ+XYeUMmNPR94sJeMokfHQoKwPvVwhVkgRuMhcLGV2ZesHCADVu30Oz2MFXbgdC8x4/o9dRg=="],

    "@oven/bun-linux-x64-baseline": ["@oven/bun-linux-x64-baseline@1.3.9", "", { "os": "linux", "cpu": "x64" }, "sha512-nZ12g22cy7pEOBwAxz2tp0wVqekaCn9QRKuGTHqOdLlyAqR4SCdErDvDhUWd51bIyHTQoCmj72TegGTgG0WNPw=="],

    "@oven/bun-linux-x64-musl": ["@oven/bun-linux-x64-musl@1.3.9", "", { "os": "linux", "cpu": "x64" }, "sha512-4ZjIUgCxEyKwcKXideB5sX0KJpnHTZtu778w73VNq2uNH2fNpMZv98+DBgJyQ9OfFoRhmKn1bmLmSefvnHzI9w=="],

    "@oven/bun-linux-x64-musl-baseline": ["@oven/bun-linux-x64-musl-baseline@1.3.9", "", { "os": "linux", "cpu": "x64" }, "sha512-3FXQgtYFsT0YOmAdMcJn56pLM5kzSl6y942rJJIl5l2KummB9Ea3J/vMJMzQk7NCAGhleZGWU/pJSS/uXKGa7w=="],

    "@oven/bun-windows-x64": ["@oven/bun-windows-x64@1.3.9", "", { "os": "win32", "cpu": "x64" }, "sha512-/d6vAmgKvkoYlsGPsRPlPmOK1slPis/F40UG02pYwypTH0wmY0smgzdFqR4YmryxFh17XrW1kITv+U99Oajk9Q=="],

    "@oven/bun-windows-x64-baseline": ["@oven/bun-windows-x64-baseline@1.3.9", "", { "os": "win32", "cpu": "x64" }, "sha512-a/+hSrrDpMD7THyXvE2KJy1skxzAD0cnW4K1WjuI/91VqsphjNzvf5t/ZgxEVL4wb6f+hKrSJ5J3aH47zPr61g=="],

    "@tailwindcss/typography": ["@tailwindcss/typography@0.5.19", "", { "dependencies": { "postcss-selector-parser": "6.0.10" }, "peerDependencies": { "tailwindcss": ">=3.0.0 || insiders || >=4.0.0-alpha.20 || >=4.0.0-beta.1" } }, "sha512-w31dd8HOx3k9vPtcQh5QHP9GwKcgbMp87j58qi6xgiBnFFtKEAgCWnDw4qUT8aHwkCp8bKvb/KGKWWHedP0AAg=="],

    "@types/bun": ["@types/bun@1.3.9", "", { "dependencies": { "bun-types": "1.3.9" } }, "sha512-KQ571yULOdWJiMH+RIWIOZ7B2RXQGpL1YQrBtLIV3FqDcCu6FsbFUBwhdKUlCKUpS3PJDsHlJ1QKlpxoVR+xtw=="],

    "@types/chrome": ["@types/chrome@0.1.37", "", { "dependencies": { "@types/filesystem": "*", "@types/har-format": "*" } }, "sha512-IJE4ceuDO7lrEuua7Pow47zwNcI8E6qqkowRP7aFPaZ0lrjxh6y836OPqqkIZeTX64FTogbw+4RNH0+QrweCTQ=="],

    "@types/filesystem": ["@types/filesystem@0.0.36", "", { "dependencies": { "@types/filewriter": "*" } }, "sha512-vPDXOZuannb9FZdxgHnqSwAG/jvdGM8Wq+6N4D/d80z+D4HWH+bItqsZaVRQykAn6WEVeEkLm2oQigyHtgb0RA=="],

    "@types/filewriter": ["@types/filewriter@0.0.33", "", {}, "sha512-xFU8ZXTw4gd358lb2jw25nxY9QAgqn2+bKKjKOYfNCzN4DKCFetK7sPtrlpg66Ywe3vWY9FNxprZawAh9wfJ3g=="],

    "@types/har-format": ["@types/har-format@1.2.16", "", {}, "sha512-fluxdy7ryD3MV6h8pTfTYpy/xQzCFC7m89nOH9y94cNqJ1mDIDPut7MnRHI3F6qRmh/cT2fUjG1MLdCNb4hE9A=="],

    "@types/node": ["@types/node@25.2.3", "", { "dependencies": { "undici-types": "~7.16.0" } }, "sha512-m0jEgYlYz+mDJZ2+F4v8D1AyQb+QzsNqRuI7xg1VQX/KlKS0qT9r1Mo16yo5F/MtifXFgaofIFsdFMox2SxIbQ=="],

    "@types/react": ["@types/react@19.2.14", "", { "dependencies": { "csstype": "^3.2.2" } }, "sha512-ilcTH/UniCkMdtexkoCN0bI7pMcJDvmQFPvuPvmEaYA/NSfFTAgdUSLAoVjaRJm7+6PvcM+q1zYOwS4wTYMF9w=="],

    "@types/react-dom": ["@types/react-dom@19.2.3", "", { "peerDependencies": { "@types/react": "^19.2.0" } }, "sha512-jp2L/eY6fn+KgVVQAOqYItbF0VY/YApe5Mz2F0aykSO8gx31bYCZyvSeYxCHKvzHG5eZjc+zyaS5BrBWya2+kQ=="],

    "@types/turndown": ["@types/turndown@5.0.6", "", {}, "sha512-ru00MoyeeouE5BX4gRL+6m/BsDfbRayOskWqUvh7CLGW+UXxHQItqALa38kKnOiZPqJrtzJUgAC2+F0rL1S4Pg=="],

    "bun": ["bun@1.3.9", "", { "optionalDependencies": { "@oven/bun-darwin-aarch64": "1.3.9", "@oven/bun-darwin-x64": "1.3.9", "@oven/bun-darwin-x64-baseline": "1.3.9", "@oven/bun-linux-aarch64": "1.3.9", "@oven/bun-linux-aarch64-musl": "1.3.9", "@oven/bun-linux-x64": "1.3.9", "@oven/bun-linux-x64-baseline": "1.3.9", "@oven/bun-linux-x64-musl": "1.3.9", "@oven/bun-linux-x64-musl-baseline": "1.3.9", "@oven/bun-windows-x64": "1.3.9", "@oven/bun-windows-x64-baseline": "1.3.9" }, "os": [ "linux", "win32", "darwin", ], "cpu": [ "x64", "arm64", ], "bin": { "bun": "bin/bun.exe", "bunx": "bin/bunx.exe" } }, "sha512-v5hkh1us7sMNjfimWE70flYbD5I1/qWQaqmJ45q2qk5H/7muQVa478LSVRSFyGTBUBog2LsPQnfIRdjyWJRY+A=="],

    "bun-plugin-tailwind": ["bun-plugin-tailwind@0.1.2", "", { "peerDependencies": { "bun": ">=1.0.0" } }, "sha512-41jNC1tZRSK3s1o7pTNrLuQG8kL/0vR/JgiTmZAJ1eHwe0w5j6HFPKeqEk0WAD13jfrUC7+ULuewFBBCoADPpg=="],

    "bun-types": ["bun-types@1.3.9", "", { "dependencies": { "@types/node": "*" } }, "sha512-+UBWWOakIP4Tswh0Bt0QD0alpTY8cb5hvgiYeWCMet9YukHbzuruIEeXC2D7nMJPB12kbh8C7XJykSexEqGKJg=="],

    "clsx": ["clsx@2.1.1", "", {}, "sha512-eYm0QWBtUrBWZWG0d386OGAw16Z995PiOVo2B7bjWSbHedGl5e0ZWaq65kOGgUSNesEIDkB9ISbTg/JK9dhCZA=="],

    "cssesc": ["cssesc@3.0.0", "", { "bin": { "cssesc": "bin/cssesc" } }, "sha512-/Tb/JcjK111nNScGob5MNtsntNM1aCNUDipB/TkwZFhyDrrE47SOx/18wF2bbjgc3ZzCSKW1T5nt5EbFoAz/Vg=="],

    "csstype": ["csstype@3.2.3", "", {}, "sha512-z1HGKcYy2xA8AGQfwrn0PAy+PB7X/GSj3UVJW9qKyn43xWa+gl5nXmU4qqLMRzWVLFC8KusUX8T/0kCiOYpAIQ=="],

    "framer-motion": ["framer-motion@12.34.3", "", { "dependencies": { "motion-dom": "^12.34.3", "motion-utils": "^12.29.2", "tslib": "^2.4.0" }, "peerDependencies": { "@emotion/is-prop-valid": "*", "react": "^18.0.0 || ^19.0.0", "react-dom": "^18.0.0 || ^19.0.0" }, "optionalPeers": ["@emotion/is-prop-valid", "react", "react-dom"] }, "sha512-v81ecyZKYO/DfpTwHivqkxSUBzvceOpoI+wLfgCgoUIKxlFKEXdg0oR9imxwXumT4SFy8vRk9xzJ5l3/Du/55Q=="],

    "fuzzysort": ["fuzzysort@3.1.0", "", {}, "sha512-sR9BNCjBg6LNgwvxlBd0sBABvQitkLzoVY9MYYROQVX/FvfJ4Mai9LsGhDgd8qYdds0bY77VzYd5iuB+v5rwQQ=="],

    "lucide": ["lucide@0.575.0", "", {}, "sha512-+xwqZpvrqPioU8bSH49zH2xARfnKyZgIjdnfbex0CrURB3q4wNFhinYN1Z9Q3lE16Q/6N9iEXnStvyS3c70RKw=="],

    "lucide-react": ["lucide-react@0.575.0", "", { "peerDependencies": { "react": "^16.5.1 || ^17.0.0 || ^18.0.0 || ^19.0.0" } }, "sha512-VuXgKZrk0uiDlWjGGXmKV6MSk9Yy4l10qgVvzGn2AWBx1Ylt0iBexKOAoA6I7JO3m+M9oeovJd3yYENfkUbOeg=="],

    "marked": ["marked@17.0.2", "", { "bin": { "marked": "bin/marked.js" } }, "sha512-s5HZGFQea7Huv5zZcAGhJLT3qLpAfnY7v7GWkICUr0+Wd5TFEtdlRR2XUL5Gg+RH7u2Df595ifrxR03mBaw7gA=="],

    "motion-dom": ["motion-dom@12.34.3", "", { "dependencies": { "motion-utils": "^12.29.2" } }, "sha512-sYgFe+pR9aIM7o4fhs2aXtOI+oqlUd33N9Yoxcgo1Fv7M20sRkHtCmzE/VRNIcq7uNJ+qio+Xubt1FXH3pQ+eQ=="],

    "motion-utils": ["motion-utils@12.29.2", "", {}, "sha512-G3kc34H2cX2gI63RqU+cZq+zWRRPSsNIOjpdl9TN4AQwC4sgwYPl/Q/Obf/d53nOm569T0fYK+tcoSV50BWx8A=="],

    "postcss-selector-parser": ["postcss-selector-parser@6.0.10", "", { "dependencies": { "cssesc": "^3.0.0", "util-deprecate": "^1.0.2" } }, "sha512-IQ7TZdoaqbT+LCpShg46jnZVlhWD2w6iQYAcYXfHARZ7X1t/UGhhceQDs5X0cGqKvYlHNOuv7Oa1xmb0oQuA3w=="],

    "react": ["react@19.2.4", "", {}, "sha512-9nfp2hYpCwOjAN+8TZFGhtWEwgvWHXqESH8qT89AT/lWklpLON22Lc8pEtnpsZz7VmawabSU0gCjnj8aC0euHQ=="],

    "react-dom": ["react-dom@19.2.4", "", { "dependencies": { "scheduler": "^0.27.0" }, "peerDependencies": { "react": "^19.2.4" } }, "sha512-AXJdLo8kgMbimY95O2aKQqsz2iWi9jMgKJhRBAxECE4IFxfcazB2LmzloIoibJI3C12IlY20+KFaLv+71bUJeQ=="],

    "scheduler": ["scheduler@0.27.0", "", {}, "sha512-eNv+WrVbKu1f3vbYJT/xtiF5syA5HPIMtf9IgY/nKg0sWqzAUEvqY/xm7OcZc/qafLx/iO9FgOmeSAp4v5ti/Q=="],

    "tailwind-merge": ["tailwind-merge@3.5.0", "", {}, "sha512-I8K9wewnVDkL1NTGoqWmVEIlUcB9gFriAEkXkfCjX5ib8ezGxtR3xD7iZIxrfArjEsH7F1CHD4RFUtxefdqV/A=="],

    "tailwindcss": ["tailwindcss@4.2.0", "", {}, "sha512-yYzTZ4++b7fNYxFfpnberEEKu43w44aqDMNM9MHMmcKuCH7lL8jJ4yJ7LGHv7rSwiqM0nkiobF9I6cLlpS2P7Q=="],

    "tslib": ["tslib@2.8.1", "", {}, "sha512-oJFu94HQb+KVduSUQL7wnpmqnfmLsOA/nAh6b6EH0wCEoK0/mPeXU6c3wKDV83MkOuHPRHtSXKKU99IBazS/2w=="],

    "turndown": ["turndown@7.2.2", "", { "dependencies": { "@mixmark-io/domino": "^2.2.0" } }, "sha512-1F7db8BiExOKxjSMU2b7if62D/XOyQyZbPKq/nUwopfgnHlqXHqQ0lvfUTeUIr1lZJzOPFn43dODyMSIfvWRKQ=="],

    "tw-animate-css": ["tw-animate-css@1.4.0", "", {}, "sha512-7bziOlRqH0hJx80h/3mbicLW7o8qLsH5+RaLR2t+OHM3D0JlWGODQKQ4cxbK7WlvmUxpcj6Kgu6EKqjrGFe3QQ=="],

    "typescript": ["typescript@5.9.3", "", { "bin": { "tsc": "bin/tsc", "tsserver": "bin/tsserver" } }, "sha512-jl1vZzPDinLr9eUt3J/t7V6FgNEw9QjvBPdysz9KfQDD41fQrC2Y4vKQdiaUpFT4bXlb1RHhLpp8wtm6M5TgSw=="],

    "undici-types": ["undici-types@7.16.0", "", {}, "sha512-Zz+aZWSj8LE6zoxD+xrjh4VfkIG8Ya6LvYkZqtUQGJPZjYl53ypCaUwWqo7eI0x66KBGeRo+mlBEkMSeSZ38Nw=="],

    "util-deprecate": ["util-deprecate@1.0.2", "", {}, "sha512-EPD5q1uXyFxJpCrLnCc1nHnq3gOa6DZBocAIiI2TaSCA7VCJ1UJDMagCzIkXNsUYfD1daK//LTEQ8xiIbrHtcw=="],

    "zustand": ["zustand@5.0.11", "", { "peerDependencies": { "@types/react": ">=18.0.0", "immer": ">=9.0.6", "react": ">=18.0.0", "use-sync-external-store": ">=1.2.0" }, "optionalPeers": ["@types/react", "immer", "react", "use-sync-external-store"] }, "sha512-fdZY+dk7zn/vbWNCYmzZULHRrss0jx5pPFiOuMZ/5HJN6Yv3u+1Wswy/4MpZEkEGhtNH+pwxZB8OKgUBPzYAGg=="],
  }
}
